// !$*UTF8*$!
{
	archiveVersion = 1;
	classes = {
	};
	objectVersion = 46;
	objects = {

/* Begin PBXBuildFile section */
		0C1EE4061846E81D00D60AA8 /* Foundation.framework in Frameworks */ = {isa = PBXBuildFile; fileRef = 0C1EE4051846E81D00D60AA8 /* Foundation.framework */; };
		0C1EE4081846E81D00D60AA8 /* CoreGraphics.framework in Frameworks */ = {isa = PBXBuildFile; fileRef = 0C1EE4071846E81D00D60AA8 /* CoreGraphics.framework */; };
		0C1EE40A1846E81D00D60AA8 /* UIKit.framework in Frameworks */ = {isa = PBXBuildFile; fileRef = 0C1EE4091846E81D00D60AA8 /* UIKit.framework */; };
		0C1EE4101846E81D00D60AA8 /* InfoPlist.strings in Resources */ = {isa = PBXBuildFile; fileRef = 0C1EE40E1846E81D00D60AA8 /* InfoPlist.strings */; };
		0C1EE4121846E81D00D60AA8 /* main.m in Sources */ = {isa = PBXBuildFile; fileRef = 0C1EE4111846E81D00D60AA8 /* main.m */; };
		0C1EE4161846E81D00D60AA8 /* AppDelegate.m in Sources */ = {isa = PBXBuildFile; fileRef = 0C1EE4151846E81D00D60AA8 /* AppDelegate.m */; };
		0C1EE4181846E81D00D60AA8 /* Images.xcassets in Resources */ = {isa = PBXBuildFile; fileRef = 0C1EE4171846E81D00D60AA8 /* Images.xcassets */; };
		0C1EE41F1846E81E00D60AA8 /* XCTest.framework in Frameworks */ = {isa = PBXBuildFile; fileRef = 0C1EE41E1846E81E00D60AA8 /* XCTest.framework */; };
		0C1EE4201846E81E00D60AA8 /* Foundation.framework in Frameworks */ = {isa = PBXBuildFile; fileRef = 0C1EE4051846E81D00D60AA8 /* Foundation.framework */; };
		0C1EE4211846E81E00D60AA8 /* UIKit.framework in Frameworks */ = {isa = PBXBuildFile; fileRef = 0C1EE4091846E81D00D60AA8 /* UIKit.framework */; };
		0C1EE4291846E81E00D60AA8 /* InfoPlist.strings in Resources */ = {isa = PBXBuildFile; fileRef = 0C1EE4271846E81E00D60AA8 /* InfoPlist.strings */; };
		0C1EE42B1846E81E00D60AA8 /* PanScaleRotateScrollViewTests.m in Sources */ = {isa = PBXBuildFile; fileRef = 0C1EE42A1846E81E00D60AA8 /* PanScaleRotateScrollViewTests.m */; };
		0C1EE4361846E8AD00D60AA8 /* PanScaleRotateScrollViewController.mm in Sources */ = {isa = PBXBuildFile; fileRef = 0C1EE4351846E8AD00D60AA8 /* PanScaleRotateScrollViewController.mm */; };
		0C1EE4381846E9CC00D60AA8 /* TODO in Resources */ = {isa = PBXBuildFile; fileRef = 0C1EE4371846E9CC00D60AA8 /* TODO */; };
/* End PBXBuildFile section */

/* Begin PBXContainerItemProxy section */
		0C1EE4221846E81E00D60AA8 /* PBXContainerItemProxy */ = {
			isa = PBXContainerItemProxy;
			containerPortal = 0C1EE3FA1846E81D00D60AA8 /* Project object */;
			proxyType = 1;
			remoteGlobalIDString = 0C1EE4011846E81D00D60AA8;
			remoteInfo = PanScaleRotateScrollView;
		};
/* End PBXContainerItemProxy section */

/* Begin PBXFileReference section */
		0C1EE4021846E81D00D60AA8 /* PanScaleRotateScrollView.app */ = {isa = PBXFileReference; explicitFileType = wrapper.application; includeInIndex = 0; path = PanScaleRotateScrollView.app; sourceTree = BUILT_PRODUCTS_DIR; };
		0C1EE4051846E81D00D60AA8 /* Foundation.framework */ = {isa = PBXFileReference; lastKnownFileType = wrapper.framework; name = Foundation.framework; path = System/Library/Frameworks/Foundation.framework; sourceTree = SDKROOT; };
		0C1EE4071846E81D00D60AA8 /* CoreGraphics.framework */ = {isa = PBXFileReference; lastKnownFileType = wrapper.framework; name = CoreGraphics.framework; path = System/Library/Frameworks/CoreGraphics.framework; sourceTree = SDKROOT; };
		0C1EE4091846E81D00D60AA8 /* UIKit.framework */ = {isa = PBXFileReference; lastKnownFileType = wrapper.framework; name = UIKit.framework; path = System/Library/Frameworks/UIKit.framework; sourceTree = SDKROOT; };
		0C1EE40D1846E81D00D60AA8 /* PanScaleRotateScrollView-Info.plist */ = {isa = PBXFileReference; lastKnownFileType = text.plist.xml; path = "PanScaleRotateScrollView-Info.plist"; sourceTree = "<group>"; };
		0C1EE40F1846E81D00D60AA8 /* en */ = {isa = PBXFileReference; lastKnownFileType = text.plist.strings; name = en; path = en.lproj/InfoPlist.strings; sourceTree = "<group>"; };
		0C1EE4111846E81D00D60AA8 /* main.m */ = {isa = PBXFileReference; lastKnownFileType = sourcecode.c.objc; path = main.m; sourceTree = "<group>"; };
		0C1EE4131846E81D00D60AA8 /* PanScaleRotateScrollView-Prefix.pch */ = {isa = PBXFileReference; lastKnownFileType = sourcecode.c.h; path = "PanScaleRotateScrollView-Prefix.pch"; sourceTree = "<group>"; };
		0C1EE4141846E81D00D60AA8 /* AppDelegate.h */ = {isa = PBXFileReference; lastKnownFileType = sourcecode.c.h; path = AppDelegate.h; sourceTree = "<group>"; };
		0C1EE4151846E81D00D60AA8 /* AppDelegate.m */ = {isa = PBXFileReference; lastKnownFileType = sourcecode.c.objc; path = AppDelegate.m; sourceTree = "<group>"; };
		0C1EE4171846E81D00D60AA8 /* Images.xcassets */ = {isa = PBXFileReference; lastKnownFileType = folder.assetcatalog; path = Images.xcassets; sourceTree = "<group>"; };
		0C1EE41D1846E81E00D60AA8 /* PanScaleRotateScrollViewTests.xctest */ = {isa = PBXFileReference; explicitFileType = wrapper.cfbundle; includeInIndex = 0; path = PanScaleRotateScrollViewTests.xctest; sourceTree = BUILT_PRODUCTS_DIR; };
		0C1EE41E1846E81E00D60AA8 /* XCTest.framework */ = {isa = PBXFileReference; lastKnownFileType = wrapper.framework; name = XCTest.framework; path = Library/Frameworks/XCTest.framework; sourceTree = DEVELOPER_DIR; };
		0C1EE4261846E81E00D60AA8 /* PanScaleRotateScrollViewTests-Info.plist */ = {isa = PBXFileReference; lastKnownFileType = text.plist.xml; path = "PanScaleRotateScrollViewTests-Info.plist"; sourceTree = "<group>"; };
		0C1EE4281846E81E00D60AA8 /* en */ = {isa = PBXFileReference; lastKnownFileType = text.plist.strings; name = en; path = en.lproj/InfoPlist.strings; sourceTree = "<group>"; };
		0C1EE42A1846E81E00D60AA8 /* PanScaleRotateScrollViewTests.m */ = {isa = PBXFileReference; lastKnownFileType = sourcecode.c.objc; path = PanScaleRotateScrollViewTests.m; sourceTree = "<group>"; };
		0C1EE4341846E8AD00D60AA8 /* PanScaleRotateScrollViewController.h */ = {isa = PBXFileReference; fileEncoding = 4; lastKnownFileType = sourcecode.c.h; path = PanScaleRotateScrollViewController.h; sourceTree = SOURCE_ROOT; };
		0C1EE4351846E8AD00D60AA8 /* PanScaleRotateScrollViewController.mm */ = {isa = PBXFileReference; fileEncoding = 4; lastKnownFileType = sourcecode.cpp.objcpp; path = PanScaleRotateScrollViewController.mm; sourceTree = SOURCE_ROOT; };
		0C1EE4371846E9CC00D60AA8 /* TODO */ = {isa = PBXFileReference; fileEncoding = 4; lastKnownFileType = text; path = TODO; sourceTree = SOURCE_ROOT; };
/* End PBXFileReference section */

/* Begin PBXFrameworksBuildPhase section */
		0C1EE3FF1846E81D00D60AA8 /* Frameworks */ = {
			isa = PBXFrameworksBuildPhase;
			buildActionMask = 2147483647;
			files = (
				0C1EE4081846E81D00D60AA8 /* CoreGraphics.framework in Frameworks */,
				0C1EE40A1846E81D00D60AA8 /* UIKit.framework in Frameworks */,
				0C1EE4061846E81D00D60AA8 /* Foundation.framework in Frameworks */,
			);
			runOnlyForDeploymentPostprocessing = 0;
		};
		0C1EE41A1846E81E00D60AA8 /* Frameworks */ = {
			isa = PBXFrameworksBuildPhase;
			buildActionMask = 2147483647;
			files = (
				0C1EE41F1846E81E00D60AA8 /* XCTest.framework in Frameworks */,
				0C1EE4211846E81E00D60AA8 /* UIKit.framework in Frameworks */,
				0C1EE4201846E81E00D60AA8 /* Foundation.framework in Frameworks */,
			);
			runOnlyForDeploymentPostprocessing = 0;
		};
/* End PBXFrameworksBuildPhase section */

/* Begin PBXGroup section */
		0C1EE3F91846E81D00D60AA8 = {
			isa = PBXGroup;
			children = (
				0C1EE40B1846E81D00D60AA8 /* PanScaleRotateScrollView */,
				0C1EE4241846E81E00D60AA8 /* PanScaleRotateScrollViewTests */,
				0C1EE4041846E81D00D60AA8 /* Frameworks */,
				0C1EE4031846E81D00D60AA8 /* Products */,
			);
			sourceTree = "<group>";
		};
		0C1EE4031846E81D00D60AA8 /* Products */ = {
			isa = PBXGroup;
			children = (
				0C1EE4021846E81D00D60AA8 /* PanScaleRotateScrollView.app */,
				0C1EE41D1846E81E00D60AA8 /* PanScaleRotateScrollViewTests.xctest */,
			);
			name = Products;
			sourceTree = "<group>";
		};
		0C1EE4041846E81D00D60AA8 /* Frameworks */ = {
			isa = PBXGroup;
			children = (
				0C1EE4051846E81D00D60AA8 /* Foundation.framework */,
				0C1EE4071846E81D00D60AA8 /* CoreGraphics.framework */,
				0C1EE4091846E81D00D60AA8 /* UIKit.framework */,
				0C1EE41E1846E81E00D60AA8 /* XCTest.framework */,
			);
			name = Frameworks;
			sourceTree = "<group>";
		};
		0C1EE40B1846E81D00D60AA8 /* PanScaleRotateScrollView */ = {
			isa = PBXGroup;
			children = (
				0C1EE4371846E9CC00D60AA8 /* TODO */,
				0C1EE4341846E8AD00D60AA8 /* PanScaleRotateScrollViewController.h */,
				0C1EE4351846E8AD00D60AA8 /* PanScaleRotateScrollViewController.mm */,
				0C1EE4141846E81D00D60AA8 /* AppDelegate.h */,
				0C1EE4151846E81D00D60AA8 /* AppDelegate.m */,
				0C1EE4171846E81D00D60AA8 /* Images.xcassets */,
				0C1EE40C1846E81D00D60AA8 /* Supporting Files */,
			);
			path = PanScaleRotateScrollView;
			sourceTree = "<group>";
		};
		0C1EE40C1846E81D00D60AA8 /* Supporting Files */ = {
			isa = PBXGroup;
			children = (
				0C1EE40D1846E81D00D60AA8 /* PanScaleRotateScrollView-Info.plist */,
				0C1EE40E1846E81D00D60AA8 /* InfoPlist.strings */,
				0C1EE4111846E81D00D60AA8 /* main.m */,
				0C1EE4131846E81D00D60AA8 /* PanScaleRotateScrollView-Prefix.pch */,
			);
			name = "Supporting Files";
			sourceTree = "<group>";
		};
		0C1EE4241846E81E00D60AA8 /* PanScaleRotateScrollViewTests */ = {
			isa = PBXGroup;
			children = (
				0C1EE42A1846E81E00D60AA8 /* PanScaleRotateScrollViewTests.m */,
				0C1EE4251846E81E00D60AA8 /* Supporting Files */,
			);
			path = PanScaleRotateScrollViewTests;
			sourceTree = "<group>";
		};
		0C1EE4251846E81E00D60AA8 /* Supporting Files */ = {
			isa = PBXGroup;
			children = (
				0C1EE4261846E81E00D60AA8 /* PanScaleRotateScrollViewTests-Info.plist */,
				0C1EE4271846E81E00D60AA8 /* InfoPlist.strings */,
			);
			name = "Supporting Files";
			sourceTree = "<group>";
		};
/* End PBXGroup section */

/* Begin PBXNativeTarget section */
		0C1EE4011846E81D00D60AA8 /* PanScaleRotateScrollView */ = {
			isa = PBXNativeTarget;
			buildConfigurationList = 0C1EE42E1846E81E00D60AA8 /* Build configuration list for PBXNativeTarget "PanScaleRotateScrollView" */;
			buildPhases = (
				0C1EE3FE1846E81D00D60AA8 /* Sources */,
				0C1EE3FF1846E81D00D60AA8 /* Frameworks */,
				0C1EE4001846E81D00D60AA8 /* Resources */,
			);
			buildRules = (
			);
			dependencies = (
			);
			name = PanScaleRotateScrollView;
			productName = PanScaleRotateScrollView;
			productReference = 0C1EE4021846E81D00D60AA8 /* PanScaleRotateScrollView.app */;
			productType = "com.apple.product-type.application";
		};
		0C1EE41C1846E81E00D60AA8 /* PanScaleRotateScrollViewTests */ = {
			isa = PBXNativeTarget;
			buildConfigurationList = 0C1EE4311846E81E00D60AA8 /* Build configuration list for PBXNativeTarget "PanScaleRotateScrollViewTests" */;
			buildPhases = (
				0C1EE4191846E81E00D60AA8 /* Sources */,
				0C1EE41A1846E81E00D60AA8 /* Frameworks */,
				0C1EE41B1846E81E00D60AA8 /* Resources */,
			);
			buildRules = (
			);
			dependencies = (
				0C1EE4231846E81E00D60AA8 /* PBXTargetDependency */,
			);
			name = PanScaleRotateScrollViewTests;
			productName = PanScaleRotateScrollViewTests;
			productReference = 0C1EE41D1846E81E00D60AA8 /* PanScaleRotateScrollViewTests.xctest */;
			productType = "com.apple.product-type.bundle.unit-test";
		};
/* End PBXNativeTarget section */

/* Begin PBXProject section */
		0C1EE3FA1846E81D00D60AA8 /* Project object */ = {
			isa = PBXProject;
			attributes = {
				LastUpgradeCheck = 0500;
				ORGANIZATIONNAME = Liam;
				TargetAttributes = {
					0C1EE41C1846E81E00D60AA8 = {
						TestTargetID = 0C1EE4011846E81D00D60AA8;
					};
				};
			};
			buildConfigurationList = 0C1EE3FD1846E81D00D60AA8 /* Build configuration list for PBXProject "PanScaleRotateScrollView" */;
			compatibilityVersion = "Xcode 3.2";
			developmentRegion = English;
			hasScannedForEncodings = 0;
			knownRegions = (
				en,
			);
			mainGroup = 0C1EE3F91846E81D00D60AA8;
			productRefGroup = 0C1EE4031846E81D00D60AA8 /* Products */;
			projectDirPath = "";
			projectRoot = "";
			targets = (
				0C1EE4011846E81D00D60AA8 /* PanScaleRotateScrollView */,
				0C1EE41C1846E81E00D60AA8 /* PanScaleRotateScrollViewTests */,
			);
		};
/* End PBXProject section */

/* Begin PBXResourcesBuildPhase section */
		0C1EE4001846E81D00D60AA8 /* Resources */ = {
			isa = PBXResourcesBuildPhase;
			buildActionMask = 2147483647;
			files = (
				0C1EE4381846E9CC00D60AA8 /* TODO in Resources */,
				0C1EE4101846E81D00D60AA8 /* InfoPlist.strings in Resources */,
				0C1EE4181846E81D00D60AA8 /* Images.xcassets in Resources */,
			);
			runOnlyForDeploymentPostprocessing = 0;
		};
		0C1EE41B1846E81E00D60AA8 /* Resources */ = {
			isa = PBXResourcesBuildPhase;
			buildActionMask = 2147483647;
			files = (
				0C1EE4291846E81E00D60AA8 /* InfoPlist.strings in Resources */,
			);
			runOnlyForDeploymentPostprocessing = 0;
		};
/* End PBXResourcesBuildPhase section */

/* Begin PBXSourcesBuildPhase section */
		0C1EE3FE1846E81D00D60AA8 /* Sources */ = {
			isa = PBXSourcesBuildPhase;
			buildActionMask = 2147483647;
			files = (
				0C1EE4161846E81D00D60AA8 /* AppDelegate.m in Sources */,
				0C1EE4121846E81D00D60AA8 /* main.m in Sources */,
				0C1EE4361846E8AD00D60AA8 /* PanScaleRotateScrollViewController.mm in Sources */,
			);
			runOnlyForDeploymentPostprocessing = 0;
		};
		0C1EE4191846E81E00D60AA8 /* Sources */ = {
			isa = PBXSourcesBuildPhase;
			buildActionMask = 2147483647;
			files = (
				0C1EE42B1846E81E00D60AA8 /* PanScaleRotateScrollViewTests.m in Sources */,
			);
			runOnlyForDeploymentPostprocessing = 0;
		};
/* End PBXSourcesBuildPhase section */

/* Begin PBXTargetDependency section */
		0C1EE4231846E81E00D60AA8 /* PBXTargetDependency */ = {
			isa = PBXTargetDependency;
			target = 0C1EE4011846E81D00D60AA8 /* PanScaleRotateScrollView */;
			targetProxy = 0C1EE4221846E81E00D60AA8 /* PBXContainerItemProxy */;
		};
/* End PBXTargetDependency section */

/* Begin PBXVariantGroup section */
		0C1EE40E1846E81D00D60AA8 /* InfoPlist.strings */ = {
			isa = PBXVariantGroup;
			children = (
				0C1EE40F1846E81D00D60AA8 /* en */,
			);
			name = InfoPlist.strings;
			sourceTree = "<group>";
		};
		0C1EE4271846E81E00D60AA8 /* InfoPlist.strings */ = {
			isa = PBXVariantGroup;
			children = (
				0C1EE4281846E81E00D60AA8 /* en */,
			);
			name = InfoPlist.strings;
			sourceTree = "<group>";
		};
/* End PBXVariantGroup section */

/* Begin XCBuildConfiguration section */
		0C1EE42C1846E81E00D60AA8 /* Debug */ = {
			isa = XCBuildConfiguration;
			buildSettings = {
				ALWAYS_SEARCH_USER_PATHS = NO;
				ARCHS = "$(ARCHS_STANDARD_INCLUDING_64_BIT)";
				CLANG_CXX_LANGUAGE_STANDARD = "gnu++0x";
				CLANG_CXX_LIBRARY = "libc++";
				CLANG_ENABLE_MODULES = YES;
				CLANG_ENABLE_OBJC_ARC = YES;
				CLANG_WARN_BOOL_CONVERSION = YES;
				CLANG_WARN_CONSTANT_CONVERSION = YES;
				CLANG_WARN_DIRECT_OBJC_ISA_USAGE = YES_ERROR;
				CLANG_WARN_EMPTY_BODY = YES;
				CLANG_WARN_ENUM_CONVERSION = YES;
				CLANG_WARN_INT_CONVERSION = YES;
				CLANG_WARN_OBJC_ROOT_CLASS = YES_ERROR;
				CLANG_WARN__DUPLICATE_METHOD_MATCH = YES;
				"CODE_SIGN_IDENTITY[sdk=iphoneos*]" = "iPhone Developer";
				COPY_PHASE_STRIP = NO;
				GCC_C_LANGUAGE_STANDARD = gnu99;
				GCC_DYNAMIC_NO_PIC = NO;
				GCC_OPTIMIZATION_LEVEL = 0;
				GCC_PREPROCESSOR_DEFINITIONS = (
					"DEBUG=1",
					"$(inherited)",
				);
				GCC_SYMBOLS_PRIVATE_EXTERN = NO;
				GCC_WARN_64_TO_32_BIT_CONVERSION = YES;
				GCC_WARN_ABOUT_RETURN_TYPE = YES_ERROR;
				GCC_WARN_UNDECLARED_SELECTOR = YES;
				GCC_WARN_UNINITIALIZED_AUTOS = YES;
				GCC_WARN_UNUSED_FUNCTION = YES;
				GCC_WARN_UNUSED_VARIABLE = YES;
				IPHONEOS_DEPLOYMENT_TARGET = 7.0;
				ONLY_ACTIVE_ARCH = YES;
				SDKROOT = iphoneos;
				TARGETED_DEVICE_FAMILY = "1,2";
			};
			name = Debug;
		};
		0C1EE42D1846E81E00D60AA8 /* Release */ = {
			isa = XCBuildConfiguration;
			buildSettings = {
				ALWAYS_SEARCH_USER_PATHS = NO;
				ARCHS = "$(ARCHS_STANDARD_INCLUDING_64_BIT)";
				CLANG_CXX_LANGUAGE_STANDARD = "gnu++0x";
				CLANG_CXX_LIBRARY = "libc++";
				CLANG_ENABLE_MODULES = YES;
				CLANG_ENABLE_OBJC_ARC = YES;
				CLANG_WARN_BOOL_CONVERSION = YES;
				CLANG_WARN_CONSTANT_CONVERSION = YES;
				CLANG_WARN_DIRECT_OBJC_ISA_USAGE = YES_ERROR;
				CLANG_WARN_EMPTY_BODY = YES;
				CLANG_WARN_ENUM_CONVERSION = YES;
				CLANG_WARN_INT_CONVERSION = YES;
				CLANG_WARN_OBJC_ROOT_CLASS = YES_ERROR;
				CLANG_WARN__DUPLICATE_METHOD_MATCH = YES;
				"CODE_SIGN_IDENTITY[sdk=iphoneos*]" = "iPhone Developer";
				COPY_PHASE_STRIP = YES;
				ENABLE_NS_ASSERTIONS = NO;
				GCC_C_LANGUAGE_STANDARD = gnu99;
				GCC_WARN_64_TO_32_BIT_CONVERSION = YES;
				GCC_WARN_ABOUT_RETURN_TYPE = YES_ERROR;
				GCC_WARN_UNDECLARED_SELECTOR = YES;
				GCC_WARN_UNINITIALIZED_AUTOS = YES;
				GCC_WARN_UNUSED_FUNCTION = YES;
				GCC_WARN_UNUSED_VARIABLE = YES;
				IPHONEOS_DEPLOYMENT_TARGET = 7.0;
				SDKROOT = iphoneos;
				TARGETED_DEVICE_FAMILY = "1,2";
				VALIDATE_PRODUCT = YES;
			};
			name = Release;
		};
		0C1EE42F1846E81E00D60AA8 /* Debug */ = {
			isa = XCBuildConfiguration;
			buildSettings = {
				ASSETCATALOG_COMPILER_APPICON_NAME = AppIcon;
				ASSETCATALOG_COMPILER_LAUNCHIMAGE_NAME = LaunchImage;
				GCC_PRECOMPILE_PREFIX_HEADER = YES;
				GCC_PREFIX_HEADER = "PanScaleRotateScrollView/PanScaleRotateScrollView-Prefix.pch";
				INFOPLIST_FILE = "PanScaleRotateScrollView/PanScaleRotateScrollView-Info.plist";
				PRODUCT_NAME = "$(TARGET_NAME)";
				WRAPPER_EXTENSION = app;
			};
			name = Debug;
		};
		0C1EE4301846E81E00D60AA8 /* Release */ = {
			isa = XCBuildConfiguration;
			buildSettings = {
				ASSETCATALOG_COMPILER_APPICON_NAME = AppIcon;
				ASSETCATALOG_COMPILER_LAUNCHIMAGE_NAME = LaunchImage;
				GCC_PRECOMPILE_PREFIX_HEADER = YES;
				GCC_PREFIX_HEADER = "PanScaleRotateScrollView/PanScaleRotateScrollView-Prefix.pch";
				INFOPLIST_FILE = "PanScaleRotateScrollView/PanScaleRotateScrollView-Info.plist";
				PRODUCT_NAME = "$(TARGET_NAME)";
				WRAPPER_EXTENSION = app;
			};
			name = Release;
		};
		0C1EE4321846E81E00D60AA8 /* Debug */ = {
			isa = XCBuildConfiguration;
			buildSettings = {
				ARCHS = "$(ARCHS_STANDARD_INCLUDING_64_BIT)";
				BUNDLE_LOADER = "$(BUILT_PRODUCTS_DIR)/PanScaleRotateScrollView.app/PanScaleRotateScrollView";
				FRAMEWORK_SEARCH_PATHS = (
					"$(SDKROOT)/Developer/Library/Frameworks",
					"$(inherited)",
					"$(DEVELOPER_FRAMEWORKS_DIR)",
				);
				GCC_PRECOMPILE_PREFIX_HEADER = YES;
				GCC_PREFIX_HEADER = "PanScaleRotateScrollView/PanScaleRotateScrollView-Prefix.pch";
				GCC_PREPROCESSOR_DEFINITIONS = (
					"DEBUG=1",
					"$(inherited)",
				);
				INFOPLIST_FILE = "PanScaleRotateScrollViewTests/PanScaleRotateScrollViewTests-Info.plist";
				PRODUCT_NAME = "$(TARGET_NAME)";
				TEST_HOST = "$(BUNDLE_LOADER)";
				WRAPPER_EXTENSION = xctest;
			};
			name = Debug;
		};
		0C1EE4331846E81E00D60AA8 /* Release */ = {
			isa = XCBuildConfiguration;
			buildSettings = {
				ARCHS = "$(ARCHS_STANDARD_INCLUDING_64_BIT)";
				BUNDLE_LOADER = "$(BUILT_PRODUCTS_DIR)/PanScaleRotateScrollView.app/PanScaleRotateScrollView";
				FRAMEWORK_SEARCH_PATHS = (
					"$(SDKROOT)/Developer/Library/Frameworks",
					"$(inherited)",
					"$(DEVELOPER_FRAMEWORKS_DIR)",
				);
				GCC_PRECOMPILE_PREFIX_HEADER = YES;
				GCC_PREFIX_HEADER = "PanScaleRotateScrollView/PanScaleRotateScrollView-Prefix.pch";
				INFOPLIST_FILE = "PanScaleRotateScrollViewTests/PanScaleRotateScrollViewTests-Info.plist";
				PRODUCT_NAME = "$(TARGET_NAME)";
				TEST_HOST = "$(BUNDLE_LOADER)";
				WRAPPER_EXTENSION = xctest;
			};
			name = Release;
		};
/* End XCBuildConfiguration section */

/* Begin XCConfigurationList section */
		0C1EE3FD1846E81D00D60AA8 /* Build configuration list for PBXProject "PanScaleRotateScrollView" */ = {
			isa = XCConfigurationList;
			buildConfigurations = (
				0C1EE42C1846E81E00D60AA8 /* Debug */,
				0C1EE42D1846E81E00D60AA8 /* Release */,
			);
			defaultConfigurationIsVisible = 0;
			defaultConfigurationName = Release;
		};
		0C1EE42E1846E81E00D60AA8 /* Build configuration list for PBXNativeTarget "PanScaleRotateScrollView" */ = {
			isa = XCConfigurationList;
			buildConfigurations = (
				0C1EE42F1846E81E00D60AA8 /* Debug */,
				0C1EE4301846E81E00D60AA8 /* Release */,
			);
			defaultConfigurationIsVisible = 0;
		};
		0C1EE4311846E81E00D60AA8 /* Build configuration list for PBXNativeTarget "PanScaleRotateScrollViewTests" */ = {
			isa = XCConfigurationList;
			buildConfigurations = (
				0C1EE4321846E81E00D60AA8 /* Debug */,
				0C1EE4331846E81E00D60AA8 /* Release */,
			);
			defaultConfigurationIsVisible = 0;
		};
/* End XCConfigurationList section */
	};
	rootObject = 0C1EE3FA1846E81D00D60AA8 /* Project object */;
}
